
Microsoft Visual Studio Solution File, Format Version 12.00
# Visual Studio Version 17
VisualStudioVersion = 17.0.31903.59
MinimumVisualStudioVersion = 10.0.40219.1
Project("{FAE04EC0-301F-11D3-BF4B-00C04F79EFBC}") = "Zadanie 4.4", "Zadanie 4.4\Zadanie 4.4.csproj", "{84FA760F-E615-4348-9127-D8095F654529}"
EndProject
Global
	GlobalSection(SolutionConfigurationPlatforms) = preSolution
		Debug|Any CPU = Debug|Any CPU
		Release|Any CPU = Release|Any CPU
	EndGlobalSection
	GlobalSection(SolutionProperties) = preSolution
		HideSolutionNode = FALSE
	EndGlobalSection
	GlobalSection(ProjectConfigurationPlatforms) = postSolution
		{84FA760F-E615-4348-9127-D8095F654529}.Debug|Any CPU.ActiveCfg = Debug|Any CPU
		{84FA760F-E615-4348-9127-D8095F654529}.Debug|Any CPU.Build.0 = Debug|Any CPU
		{84FA760F-E615-4348-9127-D8095F654529}.Release|Any CPU.ActiveCfg = Release|Any CPU
		{84FA760F-E615-4348-9127-D8095F654529}.Release|Any CPU.Build.0 = Release|Any CPU
	EndGlobalSection
EndGlobal
